
Microsoft Visual Studio Solution File, Format Version 12.00
# Visual Studio Version 16
VisualStudioVersion = 16.0.29102.190
MinimumVisualStudioVersion = 10.0.40219.1
Project("{2150E333-8FDC-42A3-9474-1A3956D46DE8}") = "00-Apresentacao", "00-Apresentacao", "{C7C9E3D6-58AA-48A4-B6D0-36EEED99B3C3}"
EndProject
Project("{2150E333-8FDC-42A3-9474-1A3956D46DE8}") = "01-Dominio", "01-Dominio", "{2DB4CBB1-C49C-4BFC-8EE6-9B38E70C9B0F}"
EndProject
Project("{2150E333-8FDC-42A3-9474-1A3956D46DE8}") = "02-Servico", "02-Servico", "{F1D040B2-57C4-4E4C-BBEE-41024417103C}"
EndProject
Project("{2150E333-8FDC-42A3-9474-1A3956D46DE8}") = "03-Infra", "03-Infra", "{0A3D2EED-9E9E-45D3-9BC5-CD720C660D92}"
EndProject
Project("{2150E333-8FDC-42A3-9474-1A3956D46DE8}") = "04-Comum", "04-Comum", "{75DE6738-3693-49B9-A8D6-88E60188876C}"
EndProject
Project("{FAE04EC0-301F-11D3-BF4B-00C04F79EFBC}") = "AdegaZeRatao.Dados", "AdegaZeRatao.Dados\AdegaZeRatao.Dados.csproj", "{2DFFD64F-559A-47B1-B5F0-ED9180BC0BB5}"
EndProject
Project("{FAE04EC0-301F-11D3-BF4B-00C04F79EFBC}") = "AdegaZeRatao.Dominios", "AdegaZeRatao.Dominios\AdegaZeRatao.Dominios.csproj", "{0618FFDE-DD8E-4C6B-AFAF-667DCFBF5ECA}"
EndProject
Project("{FAE04EC0-301F-11D3-BF4B-00C04F79EFBC}") = "Serviço", "Serviço\Serviço.csproj", "{A0CDCD2D-9EC5-4E07-A83D-8C1F791FFBCD}"
EndProject
Project("{FAE04EC0-301F-11D3-BF4B-00C04F79EFBC}") = "Comum", "Comum\Comum.csproj", "{F0A527C3-DB7D-4C7C-9C59-D5E616E5B886}"
EndProject
Global
	GlobalSection(SolutionConfigurationPlatforms) = preSolution
		Debug|Any CPU = Debug|Any CPU
		Release|Any CPU = Release|Any CPU
	EndGlobalSection
	GlobalSection(ProjectConfigurationPlatforms) = postSolution
		{2DFFD64F-559A-47B1-B5F0-ED9180BC0BB5}.Debug|Any CPU.ActiveCfg = Debug|Any CPU
		{2DFFD64F-559A-47B1-B5F0-ED9180BC0BB5}.Debug|Any CPU.Build.0 = Debug|Any CPU
		{2DFFD64F-559A-47B1-B5F0-ED9180BC0BB5}.Release|Any CPU.ActiveCfg = Release|Any CPU
		{2DFFD64F-559A-47B1-B5F0-ED9180BC0BB5}.Release|Any CPU.Build.0 = Release|Any CPU
		{0618FFDE-DD8E-4C6B-AFAF-667DCFBF5ECA}.Debug|Any CPU.ActiveCfg = Debug|Any CPU
		{0618FFDE-DD8E-4C6B-AFAF-667DCFBF5ECA}.Debug|Any CPU.Build.0 = Debug|Any CPU
		{0618FFDE-DD8E-4C6B-AFAF-667DCFBF5ECA}.Release|Any CPU.ActiveCfg = Release|Any CPU
		{0618FFDE-DD8E-4C6B-AFAF-667DCFBF5ECA}.Release|Any CPU.Build.0 = Release|Any CPU
		{A0CDCD2D-9EC5-4E07-A83D-8C1F791FFBCD}.Debug|Any CPU.ActiveCfg = Debug|Any CPU
		{A0CDCD2D-9EC5-4E07-A83D-8C1F791FFBCD}.Debug|Any CPU.Build.0 = Debug|Any CPU
		{A0CDCD2D-9EC5-4E07-A83D-8C1F791FFBCD}.Release|Any CPU.ActiveCfg = Release|Any CPU
		{A0CDCD2D-9EC5-4E07-A83D-8C1F791FFBCD}.Release|Any CPU.Build.0 = Release|Any CPU
		{F0A527C3-DB7D-4C7C-9C59-D5E616E5B886}.Debug|Any CPU.ActiveCfg = Debug|Any CPU
		{F0A527C3-DB7D-4C7C-9C59-D5E616E5B886}.Debug|Any CPU.Build.0 = Debug|Any CPU
		{F0A527C3-DB7D-4C7C-9C59-D5E616E5B886}.Release|Any CPU.ActiveCfg = Release|Any CPU
		{F0A527C3-DB7D-4C7C-9C59-D5E616E5B886}.Release|Any CPU.Build.0 = Release|Any CPU
	EndGlobalSection
	GlobalSection(SolutionProperties) = preSolution
		HideSolutionNode = FALSE
	EndGlobalSection
	GlobalSection(NestedProjects) = preSolution
		{2DFFD64F-559A-47B1-B5F0-ED9180BC0BB5} = {0A3D2EED-9E9E-45D3-9BC5-CD720C660D92}
		{0618FFDE-DD8E-4C6B-AFAF-667DCFBF5ECA} = {2DB4CBB1-C49C-4BFC-8EE6-9B38E70C9B0F}
		{A0CDCD2D-9EC5-4E07-A83D-8C1F791FFBCD} = {F1D040B2-57C4-4E4C-BBEE-41024417103C}
		{F0A527C3-DB7D-4C7C-9C59-D5E616E5B886} = {75DE6738-3693-49B9-A8D6-88E60188876C}
	EndGlobalSection
	GlobalSection(ExtensibilityGlobals) = postSolution
		SolutionGuid = {4D846DE0-4452-48DA-A7D2-CDBC5D73B81F}
	EndGlobalSection
EndGlobal
