
Microsoft Visual Studio Solution File, Format Version 12.00
# Visual Studio Version 16
VisualStudioVersion = 16.0.29102.190
MinimumVisualStudioVersion = 10.0.40219.1
Project("{9A19103F-16F7-4668-BE54-9A1E7A4F7556}") = "AdegaZeRatao", "AdegaZeRatao\AdegaZeRatao.csproj", "{3513ADCA-94AA-4D73-AFEB-66B11F1CB09D}"
EndProject
Project("{2150E333-8FDC-42A3-9474-1A3956D46DE8}") = "Apresentação", "Apresentação", "{398DE87F-11BB-49C9-BD6E-B4A1B1274B7A}"
EndProject
Project("{2150E333-8FDC-42A3-9474-1A3956D46DE8}") = "Servico", "Servico", "{9574ABF5-29B7-463D-8F58-B2D5AF357414}"
EndProject
Project("{2150E333-8FDC-42A3-9474-1A3956D46DE8}") = "Comum", "Comum", "{8D7E3698-68B0-4CD1-9A17-B062C0535F89}"
EndProject
Project("{2150E333-8FDC-42A3-9474-1A3956D46DE8}") = "Infra", "Infra", "{750211BB-2B96-4781-BEB1-CAC574B11746}"
EndProject
Project("{2150E333-8FDC-42A3-9474-1A3956D46DE8}") = "Dominio", "Dominio", "{F2ACA011-8C8B-43A8-BB87-78CA0C96EF50}"
EndProject
Project("{9A19103F-16F7-4668-BE54-9A1E7A4F7556}") = "ConsoleApp", "ConsoleApp\ConsoleApp.csproj", "{AB961BF4-E1D6-45BD-8573-F6B493479E9F}"
EndProject
Project("{9A19103F-16F7-4668-BE54-9A1E7A4F7556}") = "AdegaZeRatao.Comum", "AdegaZeRatao.Comum\AdegaZeRatao.Comum.csproj", "{B1D772FE-7163-45FB-BB8E-2C0D7796658D}"
EndProject
Project("{9A19103F-16F7-4668-BE54-9A1E7A4F7556}") = "AdegaZeRatao.Dominio", "AdegaZeRatao.Dominio\AdegaZeRatao.Dominio.csproj", "{5B0A5DA5-559D-4D1F-BA91-EC0837F1DB18}"
EndProject
Project("{9A19103F-16F7-4668-BE54-9A1E7A4F7556}") = "AdegaZeRatao.Dados", "AdegaZeRatao.Dados\AdegaZeRatao.Dados.csproj", "{11B23409-28EA-47AD-AF35-92E12751D0D3}"
EndProject
Project("{9A19103F-16F7-4668-BE54-9A1E7A4F7556}") = "AdegaZeRatao.Servico", "AdegaZeRatao.Servico\AdegaZeRatao.Servico.csproj", "{2229B3F7-6CB3-48A2-AC82-08827A41C67E}"
EndProject
Project("{9A19103F-16F7-4668-BE54-9A1E7A4F7556}") = "AdegaZeRataoWebApi", "AdegaZeRataoWebApi\AdegaZeRataoWebApi.csproj", "{4310B5C3-4A32-43CA-97B4-5CAB4F4AD48B}"
EndProject
Project("{2150E333-8FDC-42A3-9474-1A3956D46DE8}") = "Testes", "Testes", "{08EF70BC-A1B9-4470-B80D-E12477B56C20}"
EndProject
Project("{FAE04EC0-301F-11D3-BF4B-00C04F79EFBC}") = "XUnitTestAdega", "XUnitTestAdega\XUnitTestAdega.csproj", "{05B89ADC-1B87-42C0-9B23-C82541412134}"
EndProject
Global
	GlobalSection(SolutionConfigurationPlatforms) = preSolution
		Debug|Any CPU = Debug|Any CPU
		Release|Any CPU = Release|Any CPU
	EndGlobalSection
	GlobalSection(ProjectConfigurationPlatforms) = postSolution
		{3513ADCA-94AA-4D73-AFEB-66B11F1CB09D}.Debug|Any CPU.ActiveCfg = Debug|Any CPU
		{3513ADCA-94AA-4D73-AFEB-66B11F1CB09D}.Debug|Any CPU.Build.0 = Debug|Any CPU
		{3513ADCA-94AA-4D73-AFEB-66B11F1CB09D}.Release|Any CPU.ActiveCfg = Release|Any CPU
		{3513ADCA-94AA-4D73-AFEB-66B11F1CB09D}.Release|Any CPU.Build.0 = Release|Any CPU
		{AB961BF4-E1D6-45BD-8573-F6B493479E9F}.Debug|Any CPU.ActiveCfg = Debug|Any CPU
		{AB961BF4-E1D6-45BD-8573-F6B493479E9F}.Debug|Any CPU.Build.0 = Debug|Any CPU
		{AB961BF4-E1D6-45BD-8573-F6B493479E9F}.Release|Any CPU.ActiveCfg = Release|Any CPU
		{AB961BF4-E1D6-45BD-8573-F6B493479E9F}.Release|Any CPU.Build.0 = Release|Any CPU
		{B1D772FE-7163-45FB-BB8E-2C0D7796658D}.Debug|Any CPU.ActiveCfg = Debug|Any CPU
		{B1D772FE-7163-45FB-BB8E-2C0D7796658D}.Debug|Any CPU.Build.0 = Debug|Any CPU
		{B1D772FE-7163-45FB-BB8E-2C0D7796658D}.Release|Any CPU.ActiveCfg = Release|Any CPU
		{B1D772FE-7163-45FB-BB8E-2C0D7796658D}.Release|Any CPU.Build.0 = Release|Any CPU
		{5B0A5DA5-559D-4D1F-BA91-EC0837F1DB18}.Debug|Any CPU.ActiveCfg = Debug|Any CPU
		{5B0A5DA5-559D-4D1F-BA91-EC0837F1DB18}.Debug|Any CPU.Build.0 = Debug|Any CPU
		{5B0A5DA5-559D-4D1F-BA91-EC0837F1DB18}.Release|Any CPU.ActiveCfg = Release|Any CPU
		{5B0A5DA5-559D-4D1F-BA91-EC0837F1DB18}.Release|Any CPU.Build.0 = Release|Any CPU
		{11B23409-28EA-47AD-AF35-92E12751D0D3}.Debug|Any CPU.ActiveCfg = Debug|Any CPU
		{11B23409-28EA-47AD-AF35-92E12751D0D3}.Debug|Any CPU.Build.0 = Debug|Any CPU
		{11B23409-28EA-47AD-AF35-92E12751D0D3}.Release|Any CPU.ActiveCfg = Release|Any CPU
		{11B23409-28EA-47AD-AF35-92E12751D0D3}.Release|Any CPU.Build.0 = Release|Any CPU
		{2229B3F7-6CB3-48A2-AC82-08827A41C67E}.Debug|Any CPU.ActiveCfg = Debug|Any CPU
		{2229B3F7-6CB3-48A2-AC82-08827A41C67E}.Debug|Any CPU.Build.0 = Debug|Any CPU
		{2229B3F7-6CB3-48A2-AC82-08827A41C67E}.Release|Any CPU.ActiveCfg = Release|Any CPU
		{2229B3F7-6CB3-48A2-AC82-08827A41C67E}.Release|Any CPU.Build.0 = Release|Any CPU
		{4310B5C3-4A32-43CA-97B4-5CAB4F4AD48B}.Debug|Any CPU.ActiveCfg = Debug|Any CPU
		{4310B5C3-4A32-43CA-97B4-5CAB4F4AD48B}.Debug|Any CPU.Build.0 = Debug|Any CPU
		{4310B5C3-4A32-43CA-97B4-5CAB4F4AD48B}.Release|Any CPU.ActiveCfg = Release|Any CPU
		{4310B5C3-4A32-43CA-97B4-5CAB4F4AD48B}.Release|Any CPU.Build.0 = Release|Any CPU
		{05B89ADC-1B87-42C0-9B23-C82541412134}.Debug|Any CPU.ActiveCfg = Debug|Any CPU
		{05B89ADC-1B87-42C0-9B23-C82541412134}.Debug|Any CPU.Build.0 = Debug|Any CPU
		{05B89ADC-1B87-42C0-9B23-C82541412134}.Release|Any CPU.ActiveCfg = Release|Any CPU
		{05B89ADC-1B87-42C0-9B23-C82541412134}.Release|Any CPU.Build.0 = Release|Any CPU
	EndGlobalSection
	GlobalSection(SolutionProperties) = preSolution
		HideSolutionNode = FALSE
	EndGlobalSection
	GlobalSection(NestedProjects) = preSolution
		{AB961BF4-E1D6-45BD-8573-F6B493479E9F} = {398DE87F-11BB-49C9-BD6E-B4A1B1274B7A}
		{B1D772FE-7163-45FB-BB8E-2C0D7796658D} = {8D7E3698-68B0-4CD1-9A17-B062C0535F89}
		{5B0A5DA5-559D-4D1F-BA91-EC0837F1DB18} = {F2ACA011-8C8B-43A8-BB87-78CA0C96EF50}
		{11B23409-28EA-47AD-AF35-92E12751D0D3} = {750211BB-2B96-4781-BEB1-CAC574B11746}
		{2229B3F7-6CB3-48A2-AC82-08827A41C67E} = {9574ABF5-29B7-463D-8F58-B2D5AF357414}
		{4310B5C3-4A32-43CA-97B4-5CAB4F4AD48B} = {398DE87F-11BB-49C9-BD6E-B4A1B1274B7A}
		{05B89ADC-1B87-42C0-9B23-C82541412134} = {08EF70BC-A1B9-4470-B80D-E12477B56C20}
	EndGlobalSection
	GlobalSection(ExtensibilityGlobals) = postSolution
		SolutionGuid = {CB6A0FD5-CBEA-4EED-882A-27D1BC9BEEFB}
	EndGlobalSection
EndGlobal
